
Microsoft Visual Studio Solution File, Format Version 12.00
# Visual Studio 15
VisualStudioVersion = 15.0.27130.2003
MinimumVisualStudioVersion = 10.0.40219.1
Project("{FAE04EC0-301F-11D3-BF4B-00C04F79EFBC}") = "Meza.Geraldine.2C.Final", "Meza.Geraldine.2C.Final\Meza.Geraldine.2C.Final.csproj", "{10EEE6A0-7D56-4C6D-A867-85319AECC20C}"
EndProject
Project("{FAE04EC0-301F-11D3-BF4B-00C04F79EFBC}") = "EntidadesSP", "EntidadesSP\EntidadesSP.csproj", "{7867EDE1-7D63-4EBB-941C-75826F60A0EF}"
EndProject
Global
	GlobalSection(SolutionConfigurationPlatforms) = preSolution
		Debug|Any CPU = Debug|Any CPU
		Release|Any CPU = Release|Any CPU
	EndGlobalSection
	GlobalSection(ProjectConfigurationPlatforms) = postSolution
		{10EEE6A0-7D56-4C6D-A867-85319AECC20C}.Debug|Any CPU.ActiveCfg = Debug|Any CPU
		{10EEE6A0-7D56-4C6D-A867-85319AECC20C}.Debug|Any CPU.Build.0 = Debug|Any CPU
		{10EEE6A0-7D56-4C6D-A867-85319AECC20C}.Release|Any CPU.ActiveCfg = Release|Any CPU
		{10EEE6A0-7D56-4C6D-A867-85319AECC20C}.Release|Any CPU.Build.0 = Release|Any CPU
		{7867EDE1-7D63-4EBB-941C-75826F60A0EF}.Debug|Any CPU.ActiveCfg = Debug|Any CPU
		{7867EDE1-7D63-4EBB-941C-75826F60A0EF}.Debug|Any CPU.Build.0 = Debug|Any CPU
		{7867EDE1-7D63-4EBB-941C-75826F60A0EF}.Release|Any CPU.ActiveCfg = Release|Any CPU
		{7867EDE1-7D63-4EBB-941C-75826F60A0EF}.Release|Any CPU.Build.0 = Release|Any CPU
	EndGlobalSection
	GlobalSection(SolutionProperties) = preSolution
		HideSolutionNode = FALSE
	EndGlobalSection
	GlobalSection(ExtensibilityGlobals) = postSolution
		SolutionGuid = {6EBCF498-56DE-40B9-B243-6FB601D3EEAE}
	EndGlobalSection
EndGlobal
